
Microsoft Visual Studio Solution File, Format Version 12.00
# Visual Studio 15
VisualStudioVersion = 15.0.27428.2037
MinimumVisualStudioVersion = 10.0.40219.1
Project("{FAE04EC0-301F-11D3-BF4B-00C04F79EFBC}") = "Aspect.Repository.Cache", "Aspect.Repository.Cache\Aspect.Repository.Cache.csproj", "{FC003890-3B94-4E9E-B1CB-6A5C74D61408}"
EndProject
Project("{FAE04EC0-301F-11D3-BF4B-00C04F79EFBC}") = "Aspect.Web.Cache", "Aspect.Web.Cache\Aspect.Web.Cache.csproj", "{4FB8F605-0AF6-4747-AD2C-DBB683C28AD0}"
EndProject
Project("{FAE04EC0-301F-11D3-BF4B-00C04F79EFBC}") = "Aspect.Web.Demo", "Aspect.Web.Demo\Aspect.Web.Demo.csproj", "{868D77B5-BA9C-4086-8C16-C8500CA64D44}"
EndProject
Global
	GlobalSection(SolutionConfigurationPlatforms) = preSolution
		Debug|Any CPU = Debug|Any CPU
		Release|Any CPU = Release|Any CPU
	EndGlobalSection
	GlobalSection(ProjectConfigurationPlatforms) = postSolution
		{FC003890-3B94-4E9E-B1CB-6A5C74D61408}.Debug|Any CPU.ActiveCfg = Debug|Any CPU
		{FC003890-3B94-4E9E-B1CB-6A5C74D61408}.Debug|Any CPU.Build.0 = Debug|Any CPU
		{FC003890-3B94-4E9E-B1CB-6A5C74D61408}.Release|Any CPU.ActiveCfg = Release|Any CPU
		{FC003890-3B94-4E9E-B1CB-6A5C74D61408}.Release|Any CPU.Build.0 = Release|Any CPU
		{4FB8F605-0AF6-4747-AD2C-DBB683C28AD0}.Debug|Any CPU.ActiveCfg = Debug|Any CPU
		{4FB8F605-0AF6-4747-AD2C-DBB683C28AD0}.Debug|Any CPU.Build.0 = Debug|Any CPU
		{4FB8F605-0AF6-4747-AD2C-DBB683C28AD0}.Release|Any CPU.ActiveCfg = Release|Any CPU
		{4FB8F605-0AF6-4747-AD2C-DBB683C28AD0}.Release|Any CPU.Build.0 = Release|Any CPU
		{868D77B5-BA9C-4086-8C16-C8500CA64D44}.Debug|Any CPU.ActiveCfg = Debug|Any CPU
		{868D77B5-BA9C-4086-8C16-C8500CA64D44}.Debug|Any CPU.Build.0 = Debug|Any CPU
		{868D77B5-BA9C-4086-8C16-C8500CA64D44}.Release|Any CPU.ActiveCfg = Release|Any CPU
		{868D77B5-BA9C-4086-8C16-C8500CA64D44}.Release|Any CPU.Build.0 = Release|Any CPU
	EndGlobalSection
	GlobalSection(SolutionProperties) = preSolution
		HideSolutionNode = FALSE
	EndGlobalSection
	GlobalSection(ExtensibilityGlobals) = postSolution
		SolutionGuid = {7EFD3D2D-6559-4BF2-A936-8B5747995191}
	EndGlobalSection
EndGlobal
